{
  "name": "integrity-test-missing",
  "version": "1.0.0",
  "lockfileVersion": 3,
  "requires": true,
  "packages": {
    "": {
      "name": "integrity-test-missing",
      "version": "1.0.0",
      "dependencies": {
        "absent-dep": "5.1.0"
      }
    },
    "node_modules/absent-dep": {
      "version": "5.1.0",
      "resolved": "https://registry.npmjs.org/absent-dep/-/absent-dep-5.1.0.tgz",
      "integrity": "sha512-AAAAAAAAAAAAAAAAAAAAAAAAAAAAAAAAAAAAAAAAAAAAAAAAAAAAAAAAAAAAAAAAAAAAAAAAAAAAAAAAAAAAAAAA=="
    }
  }
}
